
Microsoft Visual Studio Solution File, Format Version 12.00
# Visual Studio Version 16
VisualStudioVersion = 16.0.31624.102
MinimumVisualStudioVersion = 10.0.40219.1
Project("{FAE04EC0-301F-11D3-BF4B-00C04F79EFBC}") = "WebService", "WebService\WebService.csproj", "{06331F6F-6D2D-4424-B663-3989BBA6005E}"
EndProject
Global
	GlobalSection(SolutionConfigurationPlatforms) = preSolution
		Debug|Any CPU = Debug|Any CPU
		Release|Any CPU = Release|Any CPU
	EndGlobalSection
	GlobalSection(ProjectConfigurationPlatforms) = postSolution
		{06331F6F-6D2D-4424-B663-3989BBA6005E}.Debug|Any CPU.ActiveCfg = Debug|Any CPU
		{06331F6F-6D2D-4424-B663-3989BBA6005E}.Debug|Any CPU.Build.0 = Debug|Any CPU
		{06331F6F-6D2D-4424-B663-3989BBA6005E}.Release|Any CPU.ActiveCfg = Release|Any CPU
		{06331F6F-6D2D-4424-B663-3989BBA6005E}.Release|Any CPU.Build.0 = Release|Any CPU
	EndGlobalSection
	GlobalSection(SolutionProperties) = preSolution
		HideSolutionNode = FALSE
	EndGlobalSection
	GlobalSection(ExtensibilityGlobals) = postSolution
		SolutionGuid = {F44D6FA5-FBD1-413D-80D5-C4C61353FD99}
	EndGlobalSection
EndGlobal
